
Microsoft Visual Studio Solution File, Format Version 12.00
# Visual Studio 15
VisualStudioVersion = 15.0.28307.1000
MinimumVisualStudioVersion = 10.0.40219.1
Project("{FAE04EC0-301F-11D3-BF4B-00C04F79EFBC}") = "Car Rental System", "Car Rental System\Car Rental System.csproj", "{357AE543-F6BB-4F6D-8600-3B27CA32EA10}"
EndProject
Global
	GlobalSection(SolutionConfigurationPlatforms) = preSolution
		Debug|Any CPU = Debug|Any CPU
		Release|Any CPU = Release|Any CPU
	EndGlobalSection
	GlobalSection(ProjectConfigurationPlatforms) = postSolution
		{357AE543-F6BB-4F6D-8600-3B27CA32EA10}.Debug|Any CPU.ActiveCfg = Debug|Any CPU
		{357AE543-F6BB-4F6D-8600-3B27CA32EA10}.Debug|Any CPU.Build.0 = Debug|Any CPU
		{357AE543-F6BB-4F6D-8600-3B27CA32EA10}.Release|Any CPU.ActiveCfg = Release|Any CPU
		{357AE543-F6BB-4F6D-8600-3B27CA32EA10}.Release|Any CPU.Build.0 = Release|Any CPU
	EndGlobalSection
	GlobalSection(SolutionProperties) = preSolution
		HideSolutionNode = FALSE
	EndGlobalSection
	GlobalSection(ExtensibilityGlobals) = postSolution
		SolutionGuid = {F4E7FD4F-0D68-4EE5-9881-7633024FAC0F}
	EndGlobalSection
EndGlobal
